// !$*UTF8*$!
{
	archiveVersion = 1;
	classes = {
	};
	objectVersion = 77;
	objects = {

/* Begin PBXBuildFile section */
		413185702CCEB271000BC665 /* Messages.framework in Frameworks */ = {isa = PBXBuildFile; fileRef = 4131856F2CCEB271000BC665 /* Messages.framework */; };
		4131857C2CCEB276000BC665 /* Giggle_IMessage.appex in Embed Foundation Extensions */ = {isa = PBXBuildFile; fileRef = 4131856D2CCEB271000BC665 /* Giggle_IMessage.appex */; settings = {ATTRIBUTES = (RemoveHeadersOnCopy, ); }; };
		417DE28E2CE1B41F00DC18EF /* Giggle-Share-RT.appex in Embed Foundation Extensions */ = {isa = PBXBuildFile; fileRef = 417DE2842CE1B41F00DC18EF /* Giggle-Share-RT.appex */; settings = {ATTRIBUTES = (RemoveHeadersOnCopy, ); }; };
		41DCAC4F2CE1DB8600D7CB4B /* SDWebImage in Frameworks */ = {isa = PBXBuildFile; productRef = 41DCAC4E2CE1DB8600D7CB4B /* SDWebImage */; };
		41DCAC512CE1DB8600D7CB4B /* SDWebImageMapKit in Frameworks */ = {isa = PBXBuildFile; productRef = 41DCAC502CE1DB8600D7CB4B /* SDWebImageMapKit */; };
		41DCAC542CE1DBAB00D7CB4B /* SDWebImageWebPCoder in Frameworks */ = {isa = PBXBuildFile; productRef = 41DCAC532CE1DBAB00D7CB4B /* SDWebImageWebPCoder */; };
		BB273DB62CF3D49600C7AE58 /* Alamofire in Frameworks */ = {isa = PBXBuildFile; productRef = BB273DB52CF3D49600C7AE58 /* Alamofire */; };
		D6B6B5FB2CEABDA300E8D7EB /* Alamofire in Frameworks */ = {isa = PBXBuildFile; productRef = D6B6B5FA2CEABDA300E8D7EB /* Alamofire */; };
		D6D4DEC52CEAB8EE0054A5FC /* Alamofire in Frameworks */ = {isa = PBXBuildFile; productRef = D6D4DEC42CEAB8EE0054A5FC /* Alamofire */; };
/* End PBXBuildFile section */

/* Begin PBXContainerItemProxy section */
		4131857A2CCEB276000BC665 /* PBXContainerItemProxy */ = {
			isa = PBXContainerItemProxy;
			containerPortal = BB2FDAB42CCBF4E800A5BD7B /* Project object */;
			proxyType = 1;
			remoteGlobalIDString = 4131856C2CCEB271000BC665;
			remoteInfo = Giggle_IMessage;
		};
		417DE28C2CE1B41F00DC18EF /* PBXContainerItemProxy */ = {
			isa = PBXContainerItemProxy;
			containerPortal = BB2FDAB42CCBF4E800A5BD7B /* Project object */;
			proxyType = 1;
			remoteGlobalIDString = 417DE2832CE1B41F00DC18EF;
			remoteInfo = "Giggle-Share-RT";
		};
/* End PBXContainerItemProxy section */

/* Begin PBXCopyFilesBuildPhase section */
		4131857D2CCEB276000BC665 /* Embed Foundation Extensions */ = {
			isa = PBXCopyFilesBuildPhase;
			buildActionMask = 2147483647;
			dstPath = "";
			dstSubfolderSpec = 13;
			files = (
				4131857C2CCEB276000BC665 /* Giggle_IMessage.appex in Embed Foundation Extensions */,
				417DE28E2CE1B41F00DC18EF /* Giggle-Share-RT.appex in Embed Foundation Extensions */,
			);
			name = "Embed Foundation Extensions";
			runOnlyForDeploymentPostprocessing = 0;
		};
/* End PBXCopyFilesBuildPhase section */

/* Begin PBXFileReference section */
		4131856D2CCEB271000BC665 /* Giggle_IMessage.appex */ = {isa = PBXFileReference; explicitFileType = "wrapper.app-extension"; includeInIndex = 0; path = Giggle_IMessage.appex; sourceTree = BUILT_PRODUCTS_DIR; };
		4131856F2CCEB271000BC665 /* Messages.framework */ = {isa = PBXFileReference; lastKnownFileType = wrapper.framework; name = Messages.framework; path = System/Library/Frameworks/Messages.framework; sourceTree = SDKROOT; };
		417DE2842CE1B41F00DC18EF /* Giggle-Share-RT.appex */ = {isa = PBXFileReference; explicitFileType = "wrapper.app-extension"; includeInIndex = 0; path = "Giggle-Share-RT.appex"; sourceTree = BUILT_PRODUCTS_DIR; };
		BB2FDABC2CCBF4E800A5BD7B /* Giggle.app */ = {isa = PBXFileReference; explicitFileType = wrapper.application; includeInIndex = 0; path = Giggle.app; sourceTree = BUILT_PRODUCTS_DIR; };
/* End PBXFileReference section */

/* Begin PBXFileSystemSynchronizedBuildFileExceptionSet section */
		413185802CCEB276000BC665 /* Exceptions for "Giggle_IMessage" folder in "Giggle_IMessage" target */ = {
			isa = PBXFileSystemSynchronizedBuildFileExceptionSet;
			membershipExceptions = (
				Info.plist,
			);
			target = 4131856C2CCEB271000BC665 /* Giggle_IMessage */;
		};
		417DE28F2CE1B41F00DC18EF /* Exceptions for "Giggle-Share-RT" folder in "Giggle-Share-RT" target */ = {
			isa = PBXFileSystemSynchronizedBuildFileExceptionSet;
			membershipExceptions = (
				Info.plist,
			);
			target = 417DE2832CE1B41F00DC18EF /* Giggle-Share-RT */;
		};
		41AFE5112CE4233300165079 /* Exceptions for "Giggle_IMessage" folder in "Giggle" target */ = {
			isa = PBXFileSystemSynchronizedBuildFileExceptionSet;
			membershipExceptions = (
				ImageCell.swift,
				MessagesViewController.swift,
			);
			target = BB2FDABB2CCBF4E800A5BD7B /* Giggle */;
		};
		41DCAC4C2CE1CC7A00D7CB4B /* Exceptions for "Giggle" folder in "Giggle-Share-RT" target */ = {
			isa = PBXFileSystemSynchronizedBuildFileExceptionSet;
			membershipExceptions = (
				Datastore.swift,
				Models.swift,
			);
			target = 417DE2832CE1B41F00DC18EF /* Giggle-Share-RT */;
		};
		41DCACBA2CE2C41600D7CB4B /* Exceptions for "Giggle" folder in "Giggle_IMessage" target */ = {
			isa = PBXFileSystemSynchronizedBuildFileExceptionSet;
			membershipExceptions = (
				Datastore.swift,
				Models.swift,
			);
			target = 4131856C2CCEB271000BC665 /* Giggle_IMessage */;
		};
/* End PBXFileSystemSynchronizedBuildFileExceptionSet section */

/* Begin PBXFileSystemSynchronizedRootGroup section */
		413185712CCEB271000BC665 /* Giggle_IMessage */ = {
			isa = PBXFileSystemSynchronizedRootGroup;
			exceptions = (
				41AFE5112CE4233300165079 /* Exceptions for "Giggle_IMessage" folder in "Giggle" target */,
				413185802CCEB276000BC665 /* Exceptions for "Giggle_IMessage" folder in "Giggle_IMessage" target */,
			);
			path = Giggle_IMessage;
			sourceTree = "<group>";
		};
		417DE2852CE1B41F00DC18EF /* Giggle-Share-RT */ = {
			isa = PBXFileSystemSynchronizedRootGroup;
			exceptions = (
				417DE28F2CE1B41F00DC18EF /* Exceptions for "Giggle-Share-RT" folder in "Giggle-Share-RT" target */,
			);
			path = "Giggle-Share-RT";
			sourceTree = "<group>";
		};
		BB2FDABE2CCBF4E800A5BD7B /* Giggle */ = {
			isa = PBXFileSystemSynchronizedRootGroup;
			exceptions = (
				41DCACBA2CE2C41600D7CB4B /* Exceptions for "Giggle" folder in "Giggle_IMessage" target */,
				41DCAC4C2CE1CC7A00D7CB4B /* Exceptions for "Giggle" folder in "Giggle-Share-RT" target */,
			);
			path = Giggle;
			sourceTree = "<group>";
		};
/* End PBXFileSystemSynchronizedRootGroup section */

/* Begin PBXFrameworksBuildPhase section */
		4131856A2CCEB271000BC665 /* Frameworks */ = {
			isa = PBXFrameworksBuildPhase;
			buildActionMask = 2147483647;
			files = (
				413185702CCEB271000BC665 /* Messages.framework in Frameworks */,
				BB273DB62CF3D49600C7AE58 /* Alamofire in Frameworks */,
			);
			runOnlyForDeploymentPostprocessing = 0;
		};
		417DE2812CE1B41F00DC18EF /* Frameworks */ = {
			isa = PBXFrameworksBuildPhase;
			buildActionMask = 2147483647;
			files = (
				41DCAC512CE1DB8600D7CB4B /* SDWebImageMapKit in Frameworks */,
				D6B6B5FB2CEABDA300E8D7EB /* Alamofire in Frameworks */,
				41DCAC4F2CE1DB8600D7CB4B /* SDWebImage in Frameworks */,
				41DCAC542CE1DBAB00D7CB4B /* SDWebImageWebPCoder in Frameworks */,
			);
			runOnlyForDeploymentPostprocessing = 0;
		};
		BB2FDAB92CCBF4E800A5BD7B /* Frameworks */ = {
			isa = PBXFrameworksBuildPhase;
			buildActionMask = 2147483647;
			files = (
				D6D4DEC52CEAB8EE0054A5FC /* Alamofire in Frameworks */,
			);
			runOnlyForDeploymentPostprocessing = 0;
		};
/* End PBXFrameworksBuildPhase section */

/* Begin PBXGroup section */
		4131856E2CCEB271000BC665 /* Frameworks */ = {
			isa = PBXGroup;
			children = (
				4131856F2CCEB271000BC665 /* Messages.framework */,
			);
			name = Frameworks;
			sourceTree = "<group>";
		};
		BB2FDAB32CCBF4E800A5BD7B = {
			isa = PBXGroup;
			children = (
				BB2FDABE2CCBF4E800A5BD7B /* Giggle */,
				413185712CCEB271000BC665 /* Giggle_IMessage */,
				417DE2852CE1B41F00DC18EF /* Giggle-Share-RT */,
				4131856E2CCEB271000BC665 /* Frameworks */,
				BB2FDABD2CCBF4E800A5BD7B /* Products */,
			);
			sourceTree = "<group>";
		};
		BB2FDABD2CCBF4E800A5BD7B /* Products */ = {
			isa = PBXGroup;
			children = (
				BB2FDABC2CCBF4E800A5BD7B /* Giggle.app */,
				4131856D2CCEB271000BC665 /* Giggle_IMessage.appex */,
				417DE2842CE1B41F00DC18EF /* Giggle-Share-RT.appex */,
			);
			name = Products;
			sourceTree = "<group>";
		};
/* End PBXGroup section */

/* Begin PBXNativeTarget section */
		4131856C2CCEB271000BC665 /* Giggle_IMessage */ = {
			isa = PBXNativeTarget;
			buildConfigurationList = 413185812CCEB276000BC665 /* Build configuration list for PBXNativeTarget "Giggle_IMessage" */;
			buildPhases = (
				413185692CCEB271000BC665 /* Sources */,
				4131856A2CCEB271000BC665 /* Frameworks */,
				4131856B2CCEB271000BC665 /* Resources */,
			);
			buildRules = (
			);
			dependencies = (
			);
			fileSystemSynchronizedGroups = (
				413185712CCEB271000BC665 /* Giggle_IMessage */,
			);
			name = Giggle_IMessage;
			packageProductDependencies = (
				BB273DB52CF3D49600C7AE58 /* Alamofire */,
			);
			productName = Giggle_IMessage;
			productReference = 4131856D2CCEB271000BC665 /* Giggle_IMessage.appex */;
			productType = "com.apple.product-type.app-extension.messages";
		};
		417DE2832CE1B41F00DC18EF /* Giggle-Share-RT */ = {
			isa = PBXNativeTarget;
			buildConfigurationList = 417DE2902CE1B41F00DC18EF /* Build configuration list for PBXNativeTarget "Giggle-Share-RT" */;
			buildPhases = (
				417DE2802CE1B41F00DC18EF /* Sources */,
				417DE2812CE1B41F00DC18EF /* Frameworks */,
				417DE2822CE1B41F00DC18EF /* Resources */,
			);
			buildRules = (
			);
			dependencies = (
			);
			fileSystemSynchronizedGroups = (
				417DE2852CE1B41F00DC18EF /* Giggle-Share-RT */,
			);
			name = "Giggle-Share-RT";
			packageProductDependencies = (
				41DCAC4E2CE1DB8600D7CB4B /* SDWebImage */,
				41DCAC502CE1DB8600D7CB4B /* SDWebImageMapKit */,
				41DCAC532CE1DBAB00D7CB4B /* SDWebImageWebPCoder */,
				D6B6B5FA2CEABDA300E8D7EB /* Alamofire */,
			);
			productName = "Giggle-Share-RT";
			productReference = 417DE2842CE1B41F00DC18EF /* Giggle-Share-RT.appex */;
			productType = "com.apple.product-type.app-extension";
		};
		BB2FDABB2CCBF4E800A5BD7B /* Giggle */ = {
			isa = PBXNativeTarget;
			buildConfigurationList = BB2FDACC2CCBF4EB00A5BD7B /* Build configuration list for PBXNativeTarget "Giggle" */;
			buildPhases = (
				BB2FDAB82CCBF4E800A5BD7B /* Sources */,
				BB2FDAB92CCBF4E800A5BD7B /* Frameworks */,
				BB2FDABA2CCBF4E800A5BD7B /* Resources */,
				4131857D2CCEB276000BC665 /* Embed Foundation Extensions */,
			);
			buildRules = (
			);
			dependencies = (
				4131857B2CCEB276000BC665 /* PBXTargetDependency */,
				417DE28D2CE1B41F00DC18EF /* PBXTargetDependency */,
			);
			fileSystemSynchronizedGroups = (
				BB2FDABE2CCBF4E800A5BD7B /* Giggle */,
			);
			name = Giggle;
			packageProductDependencies = (
				D6D4DEC42CEAB8EE0054A5FC /* Alamofire */,
			);
			productName = Giggle;
			productReference = BB2FDABC2CCBF4E800A5BD7B /* Giggle.app */;
			productType = "com.apple.product-type.application";
		};
/* End PBXNativeTarget section */

/* Begin PBXProject section */
		BB2FDAB42CCBF4E800A5BD7B /* Project object */ = {
			isa = PBXProject;
			attributes = {
				BuildIndependentTargetsInParallel = 1;
				LastSwiftUpdateCheck = 1610;
				LastUpgradeCheck = 1600;
				TargetAttributes = {
					4131856C2CCEB271000BC665 = {
						CreatedOnToolsVersion = 16.0;
					};
					417DE2832CE1B41F00DC18EF = {
						CreatedOnToolsVersion = 16.1;
					};
					BB2FDABB2CCBF4E800A5BD7B = {
						CreatedOnToolsVersion = 16.0;
					};
				};
			};
			buildConfigurationList = BB2FDAB72CCBF4E800A5BD7B /* Build configuration list for PBXProject "Giggle" */;
			developmentRegion = en;
			hasScannedForEncodings = 0;
			knownRegions = (
				en,
				Base,
			);
			mainGroup = BB2FDAB32CCBF4E800A5BD7B;
			minimizedProjectReferenceProxies = 1;
			packageReferences = (
				41DCAC4D2CE1DB8600D7CB4B /* XCRemoteSwiftPackageReference "SDWebImage" */,
				41DCAC522CE1DBAB00D7CB4B /* XCRemoteSwiftPackageReference "SDWebImageWebPCoder" */,
				D6D4DEC32CEAB8EE0054A5FC /* XCRemoteSwiftPackageReference "Alamofire" */,
			);
			preferredProjectObjectVersion = 77;
			productRefGroup = BB2FDABD2CCBF4E800A5BD7B /* Products */;
			projectDirPath = "";
			projectRoot = "";
			targets = (
				BB2FDABB2CCBF4E800A5BD7B /* Giggle */,
				4131856C2CCEB271000BC665 /* Giggle_IMessage */,
				417DE2832CE1B41F00DC18EF /* Giggle-Share-RT */,
			);
		};
/* End PBXProject section */

/* Begin PBXResourcesBuildPhase section */
		4131856B2CCEB271000BC665 /* Resources */ = {
			isa = PBXResourcesBuildPhase;
			buildActionMask = 2147483647;
			files = (
			);
			runOnlyForDeploymentPostprocessing = 0;
		};
		417DE2822CE1B41F00DC18EF /* Resources */ = {
			isa = PBXResourcesBuildPhase;
			buildActionMask = 2147483647;
			files = (
			);
			runOnlyForDeploymentPostprocessing = 0;
		};
		BB2FDABA2CCBF4E800A5BD7B /* Resources */ = {
			isa = PBXResourcesBuildPhase;
			buildActionMask = 2147483647;
			files = (
			);
			runOnlyForDeploymentPostprocessing = 0;
		};
/* End PBXResourcesBuildPhase section */

/* Begin PBXSourcesBuildPhase section */
		413185692CCEB271000BC665 /* Sources */ = {
			isa = PBXSourcesBuildPhase;
			buildActionMask = 2147483647;
			files = (
			);
			runOnlyForDeploymentPostprocessing = 0;
		};
		417DE2802CE1B41F00DC18EF /* Sources */ = {
			isa = PBXSourcesBuildPhase;
			buildActionMask = 2147483647;
			files = (
			);
			runOnlyForDeploymentPostprocessing = 0;
		};
		BB2FDAB82CCBF4E800A5BD7B /* Sources */ = {
			isa = PBXSourcesBuildPhase;
			buildActionMask = 2147483647;
			files = (
			);
			runOnlyForDeploymentPostprocessing = 0;
		};
/* End PBXSourcesBuildPhase section */

/* Begin PBXTargetDependency section */
		4131857B2CCEB276000BC665 /* PBXTargetDependency */ = {
			isa = PBXTargetDependency;
			target = 4131856C2CCEB271000BC665 /* Giggle_IMessage */;
			targetProxy = 4131857A2CCEB276000BC665 /* PBXContainerItemProxy */;
		};
		417DE28D2CE1B41F00DC18EF /* PBXTargetDependency */ = {
			isa = PBXTargetDependency;
			target = 417DE2832CE1B41F00DC18EF /* Giggle-Share-RT */;
			targetProxy = 417DE28C2CE1B41F00DC18EF /* PBXContainerItemProxy */;
		};
/* End PBXTargetDependency section */

/* Begin XCBuildConfiguration section */
		4131857E2CCEB276000BC665 /* Debug */ = {
			isa = XCBuildConfiguration;
			buildSettings = {
				ASSETCATALOG_COMPILER_APPICON_NAME = "iMessage App Icon";
				CODE_SIGN_ENTITLEMENTS = Giggle_IMessage/Giggle_IMessage.entitlements;
				CODE_SIGN_STYLE = Automatic;
				CURRENT_PROJECT_VERSION = 1;
				DEVELOPMENT_ASSET_PATHS = "";
				DEVELOPMENT_TEAM = U5F6M9HZ78;
				GENERATE_INFOPLIST_FILE = YES;
				INFOPLIST_FILE = Giggle_IMessage/Info.plist;
				INFOPLIST_KEY_CFBundleDisplayName = Giggle;
				INFOPLIST_KEY_NSHumanReadableCopyright = "";
				LD_RUNPATH_SEARCH_PATHS = (
					"$(inherited)",
					"@executable_path/Frameworks",
					"@executable_path/../../Frameworks",
				);
				MARKETING_VERSION = 1.0;
				PRODUCT_BUNDLE_IDENTIFIER = "edu.umich.Giggle.Giggle.Giggle-IMessage";
				PRODUCT_NAME = "$(TARGET_NAME)";
				SKIP_INSTALL = YES;
				SWIFT_EMIT_LOC_STRINGS = YES;
				SWIFT_VERSION = 5.0;
				TARGETED_DEVICE_FAMILY = "1,2";
			};
			name = Debug;
		};
		4131857F2CCEB276000BC665 /* Release */ = {
			isa = XCBuildConfiguration;
			buildSettings = {
				ASSETCATALOG_COMPILER_APPICON_NAME = "iMessage App Icon";
				CODE_SIGN_ENTITLEMENTS = Giggle_IMessage/Giggle_IMessage.entitlements;
				CODE_SIGN_STYLE = Automatic;
				CURRENT_PROJECT_VERSION = 1;
				DEVELOPMENT_ASSET_PATHS = "";
				DEVELOPMENT_TEAM = U5F6M9HZ78;
				GENERATE_INFOPLIST_FILE = YES;
				INFOPLIST_FILE = Giggle_IMessage/Info.plist;
				INFOPLIST_KEY_CFBundleDisplayName = Giggle;
				INFOPLIST_KEY_NSHumanReadableCopyright = "";
				LD_RUNPATH_SEARCH_PATHS = (
					"$(inherited)",
					"@executable_path/Frameworks",
					"@executable_path/../../Frameworks",
				);
				MARKETING_VERSION = 1.0;
				PRODUCT_BUNDLE_IDENTIFIER = "edu.umich.Giggle.Giggle.Giggle-IMessage";
				PRODUCT_NAME = "$(TARGET_NAME)";
				SKIP_INSTALL = YES;
				SWIFT_EMIT_LOC_STRINGS = YES;
				SWIFT_VERSION = 5.0;
				TARGETED_DEVICE_FAMILY = "1,2";
			};
			name = Release;
		};
		417DE2912CE1B41F00DC18EF /* Debug */ = {
			isa = XCBuildConfiguration;
			buildSettings = {
				CODE_SIGN_ENTITLEMENTS = "Giggle-Share-RT/Giggle-Share-RT.entitlements";
				CODE_SIGN_STYLE = Automatic;
				CURRENT_PROJECT_VERSION = 1;
				DEVELOPMENT_TEAM = U5F6M9HZ78;
				GENERATE_INFOPLIST_FILE = YES;
				INFOPLIST_FILE = "Giggle-Share-RT/Info.plist";
				INFOPLIST_KEY_CFBundleDisplayName = "Giggle-Share-RT";
				INFOPLIST_KEY_NSHumanReadableCopyright = "";
				IPHONEOS_DEPLOYMENT_TARGET = 18.0;
				LD_RUNPATH_SEARCH_PATHS = (
					"$(inherited)",
					"@executable_path/Frameworks",
					"@executable_path/../../Frameworks",
				);
				MARKETING_VERSION = 1.0;
				PRODUCT_BUNDLE_IDENTIFIER = "edu.umich.Giggle.Giggle.Giggle-Share-RT";
				PRODUCT_NAME = "$(TARGET_NAME)";
				SKIP_INSTALL = YES;
				SWIFT_EMIT_LOC_STRINGS = YES;
				SWIFT_VERSION = 5.0;
				TARGETED_DEVICE_FAMILY = "1,2";
			};
			name = Debug;
		};
		417DE2922CE1B41F00DC18EF /* Release */ = {
			isa = XCBuildConfiguration;
			buildSettings = {
				CODE_SIGN_ENTITLEMENTS = "Giggle-Share-RT/Giggle-Share-RT.entitlements";
				CODE_SIGN_STYLE = Automatic;
				CURRENT_PROJECT_VERSION = 1;
				DEVELOPMENT_TEAM = U5F6M9HZ78;
				GENERATE_INFOPLIST_FILE = YES;
				INFOPLIST_FILE = "Giggle-Share-RT/Info.plist";
				INFOPLIST_KEY_CFBundleDisplayName = "Giggle-Share-RT";
				INFOPLIST_KEY_NSHumanReadableCopyright = "";
				IPHONEOS_DEPLOYMENT_TARGET = 18.0;
				LD_RUNPATH_SEARCH_PATHS = (
					"$(inherited)",
					"@executable_path/Frameworks",
					"@executable_path/../../Frameworks",
				);
				MARKETING_VERSION = 1.0;
				PRODUCT_BUNDLE_IDENTIFIER = "edu.umich.Giggle.Giggle.Giggle-Share-RT";
				PRODUCT_NAME = "$(TARGET_NAME)";
				SKIP_INSTALL = YES;
				SWIFT_EMIT_LOC_STRINGS = YES;
				SWIFT_VERSION = 5.0;
				TARGETED_DEVICE_FAMILY = "1,2";
			};
			name = Release;
		};
		BB2FDACA2CCBF4EB00A5BD7B /* Debug */ = {
			isa = XCBuildConfiguration;
			buildSettings = {
				ALWAYS_SEARCH_USER_PATHS = NO;
				ASSETCATALOG_COMPILER_GENERATE_SWIFT_ASSET_SYMBOL_EXTENSIONS = YES;
				CLANG_ANALYZER_NONNULL = YES;
				CLANG_ANALYZER_NUMBER_OBJECT_CONVERSION = YES_AGGRESSIVE;
				CLANG_CXX_LANGUAGE_STANDARD = "gnu++20";
				CLANG_ENABLE_MODULES = YES;
				CLANG_ENABLE_OBJC_ARC = YES;
				CLANG_ENABLE_OBJC_WEAK = YES;
				CLANG_WARN_BLOCK_CAPTURE_AUTORELEASING = YES;
				CLANG_WARN_BOOL_CONVERSION = YES;
				CLANG_WARN_COMMA = YES;
				CLANG_WARN_CONSTANT_CONVERSION = YES;
				CLANG_WARN_DEPRECATED_OBJC_IMPLEMENTATIONS = YES;
				CLANG_WARN_DIRECT_OBJC_ISA_USAGE = YES_ERROR;
				CLANG_WARN_DOCUMENTATION_COMMENTS = YES;
				CLANG_WARN_EMPTY_BODY = YES;
				CLANG_WARN_ENUM_CONVERSION = YES;
				CLANG_WARN_INFINITE_RECURSION = YES;
				CLANG_WARN_INT_CONVERSION = YES;
				CLANG_WARN_NON_LITERAL_NULL_CONVERSION = YES;
				CLANG_WARN_OBJC_IMPLICIT_RETAIN_SELF = YES;
				CLANG_WARN_OBJC_LITERAL_CONVERSION = YES;
				CLANG_WARN_OBJC_ROOT_CLASS = YES_ERROR;
				CLANG_WARN_QUOTED_INCLUDE_IN_FRAMEWORK_HEADER = YES;
				CLANG_WARN_RANGE_LOOP_ANALYSIS = YES;
				CLANG_WARN_STRICT_PROTOTYPES = YES;
				CLANG_WARN_SUSPICIOUS_MOVE = YES;
				CLANG_WARN_UNGUARDED_AVAILABILITY = YES_AGGRESSIVE;
				CLANG_WARN_UNREACHABLE_CODE = YES;
				CLANG_WARN__DUPLICATE_METHOD_MATCH = YES;
				COPY_PHASE_STRIP = NO;
				DEBUG_INFORMATION_FORMAT = dwarf;
				ENABLE_STRICT_OBJC_MSGSEND = YES;
				ENABLE_TESTABILITY = YES;
				ENABLE_USER_SCRIPT_SANDBOXING = YES;
				GCC_C_LANGUAGE_STANDARD = gnu17;
				GCC_DYNAMIC_NO_PIC = NO;
				GCC_NO_COMMON_BLOCKS = YES;
				GCC_OPTIMIZATION_LEVEL = 0;
				GCC_PREPROCESSOR_DEFINITIONS = (
					"DEBUG=1",
					"$(inherited)",
				);
				GCC_WARN_64_TO_32_BIT_CONVERSION = YES;
				GCC_WARN_ABOUT_RETURN_TYPE = YES_ERROR;
				GCC_WARN_UNDECLARED_SELECTOR = YES;
				GCC_WARN_UNINITIALIZED_AUTOS = YES_AGGRESSIVE;
				GCC_WARN_UNUSED_FUNCTION = YES;
				GCC_WARN_UNUSED_VARIABLE = YES;
				IPHONEOS_DEPLOYMENT_TARGET = 18.0;
				LOCALIZATION_PREFERS_STRING_CATALOGS = YES;
				MTL_ENABLE_DEBUG_INFO = INCLUDE_SOURCE;
				MTL_FAST_MATH = YES;
				ONLY_ACTIVE_ARCH = YES;
				SDKROOT = iphoneos;
				SWIFT_ACTIVE_COMPILATION_CONDITIONS = "DEBUG $(inherited)";
				SWIFT_OPTIMIZATION_LEVEL = "-Onone";
			};
			name = Debug;
		};
		BB2FDACB2CCBF4EB00A5BD7B /* Release */ = {
			isa = XCBuildConfiguration;
			buildSettings = {
				ALWAYS_SEARCH_USER_PATHS = NO;
				ASSETCATALOG_COMPILER_GENERATE_SWIFT_ASSET_SYMBOL_EXTENSIONS = YES;
				CLANG_ANALYZER_NONNULL = YES;
				CLANG_ANALYZER_NUMBER_OBJECT_CONVERSION = YES_AGGRESSIVE;
				CLANG_CXX_LANGUAGE_STANDARD = "gnu++20";
				CLANG_ENABLE_MODULES = YES;
				CLANG_ENABLE_OBJC_ARC = YES;
				CLANG_ENABLE_OBJC_WEAK = YES;
				CLANG_WARN_BLOCK_CAPTURE_AUTORELEASING = YES;
				CLANG_WARN_BOOL_CONVERSION = YES;
				CLANG_WARN_COMMA = YES;
				CLANG_WARN_CONSTANT_CONVERSION = YES;
				CLANG_WARN_DEPRECATED_OBJC_IMPLEMENTATIONS = YES;
				CLANG_WARN_DIRECT_OBJC_ISA_USAGE = YES_ERROR;
				CLANG_WARN_DOCUMENTATION_COMMENTS = YES;
				CLANG_WARN_EMPTY_BODY = YES;
				CLANG_WARN_ENUM_CONVERSION = YES;
				CLANG_WARN_INFINITE_RECURSION = YES;
				CLANG_WARN_INT_CONVERSION = YES;
				CLANG_WARN_NON_LITERAL_NULL_CONVERSION = YES;
				CLANG_WARN_OBJC_IMPLICIT_RETAIN_SELF = YES;
				CLANG_WARN_OBJC_LITERAL_CONVERSION = YES;
				CLANG_WARN_OBJC_ROOT_CLASS = YES_ERROR;
				CLANG_WARN_QUOTED_INCLUDE_IN_FRAMEWORK_HEADER = YES;
				CLANG_WARN_RANGE_LOOP_ANALYSIS = YES;
				CLANG_WARN_STRICT_PROTOTYPES = YES;
				CLANG_WARN_SUSPICIOUS_MOVE = YES;
				CLANG_WARN_UNGUARDED_AVAILABILITY = YES_AGGRESSIVE;
				CLANG_WARN_UNREACHABLE_CODE = YES;
				CLANG_WARN__DUPLICATE_METHOD_MATCH = YES;
				COPY_PHASE_STRIP = NO;
				DEBUG_INFORMATION_FORMAT = "dwarf-with-dsym";
				ENABLE_NS_ASSERTIONS = NO;
				ENABLE_STRICT_OBJC_MSGSEND = YES;
				ENABLE_USER_SCRIPT_SANDBOXING = YES;
				GCC_C_LANGUAGE_STANDARD = gnu17;
				GCC_NO_COMMON_BLOCKS = YES;
				GCC_WARN_64_TO_32_BIT_CONVERSION = YES;
				GCC_WARN_ABOUT_RETURN_TYPE = YES_ERROR;
				GCC_WARN_UNDECLARED_SELECTOR = YES;
				GCC_WARN_UNINITIALIZED_AUTOS = YES_AGGRESSIVE;
				GCC_WARN_UNUSED_FUNCTION = YES;
				GCC_WARN_UNUSED_VARIABLE = YES;
				IPHONEOS_DEPLOYMENT_TARGET = 18.0;
				LOCALIZATION_PREFERS_STRING_CATALOGS = YES;
				MTL_ENABLE_DEBUG_INFO = NO;
				MTL_FAST_MATH = YES;
				SDKROOT = iphoneos;
				SWIFT_COMPILATION_MODE = wholemodule;
				VALIDATE_PRODUCT = YES;
			};
			name = Release;
		};
		BB2FDACD2CCBF4EB00A5BD7B /* Debug */ = {
			isa = XCBuildConfiguration;
			buildSettings = {
				ASSETCATALOG_COMPILER_APPICON_NAME = AppIcon;
				ASSETCATALOG_COMPILER_GLOBAL_ACCENT_COLOR_NAME = AccentColor;
				CODE_SIGN_ENTITLEMENTS = Giggle/Giggle.entitlements;
				CODE_SIGN_STYLE = Automatic;
				CURRENT_PROJECT_VERSION = 1;
				DEVELOPMENT_ASSET_PATHS = "\"Giggle/Preview Content\"";
				DEVELOPMENT_TEAM = U5F6M9HZ78;
				ENABLE_PREVIEWS = YES;
				GENERATE_INFOPLIST_FILE = YES;
				INFOPLIST_KEY_NSPhotoLibraryUsageDescription = "To Upload Memes";
				INFOPLIST_KEY_UIApplicationSceneManifest_Generation = YES;
				INFOPLIST_KEY_UIApplicationSupportsIndirectInputEvents = YES;
				INFOPLIST_KEY_UILaunchScreen_Generation = YES;
				INFOPLIST_KEY_UISupportedInterfaceOrientations_iPad = "UIInterfaceOrientationPortrait UIInterfaceOrientationPortraitUpsideDown UIInterfaceOrientationLandscapeLeft UIInterfaceOrientationLandscapeRight";
				INFOPLIST_KEY_UISupportedInterfaceOrientations_iPhone = "UIInterfaceOrientationPortrait UIInterfaceOrientationLandscapeLeft UIInterfaceOrientationLandscapeRight";
				LD_RUNPATH_SEARCH_PATHS = (
					"$(inherited)",
					"@executable_path/Frameworks",
				);
				MARKETING_VERSION = 1.0;
				PRODUCT_BUNDLE_IDENTIFIER = edu.umich.Giggle.Giggle;
				PRODUCT_NAME = "$(TARGET_NAME)";
				SWIFT_EMIT_LOC_STRINGS = YES;
				SWIFT_VERSION = 5.0;
				TARGETED_DEVICE_FAMILY = "1,2";
			};
			name = Debug;
		};
		BB2FDACE2CCBF4EB00A5BD7B /* Release */ = {
			isa = XCBuildConfiguration;
			buildSettings = {
				ASSETCATALOG_COMPILER_APPICON_NAME = AppIcon;
				ASSETCATALOG_COMPILER_GLOBAL_ACCENT_COLOR_NAME = AccentColor;
				CODE_SIGN_ENTITLEMENTS = Giggle/Giggle.entitlements;
				CODE_SIGN_STYLE = Automatic;
				CURRENT_PROJECT_VERSION = 1;
				DEVELOPMENT_ASSET_PATHS = "\"Giggle/Preview Content\"";
				DEVELOPMENT_TEAM = U5F6M9HZ78;
				ENABLE_PREVIEWS = YES;
				GENERATE_INFOPLIST_FILE = YES;
				INFOPLIST_KEY_NSPhotoLibraryUsageDescription = "To Upload Memes";
				INFOPLIST_KEY_UIApplicationSceneManifest_Generation = YES;
				INFOPLIST_KEY_UIApplicationSupportsIndirectInputEvents = YES;
				INFOPLIST_KEY_UILaunchScreen_Generation = YES;
				INFOPLIST_KEY_UISupportedInterfaceOrientations_iPad = "UIInterfaceOrientationPortrait UIInterfaceOrientationPortraitUpsideDown UIInterfaceOrientationLandscapeLeft UIInterfaceOrientationLandscapeRight";
				INFOPLIST_KEY_UISupportedInterfaceOrientations_iPhone = "UIInterfaceOrientationPortrait UIInterfaceOrientationLandscapeLeft UIInterfaceOrientationLandscapeRight";
				LD_RUNPATH_SEARCH_PATHS = (
					"$(inherited)",
					"@executable_path/Frameworks",
				);
				MARKETING_VERSION = 1.0;
				PRODUCT_BUNDLE_IDENTIFIER = edu.umich.Giggle.Giggle;
				PRODUCT_NAME = "$(TARGET_NAME)";
				SWIFT_EMIT_LOC_STRINGS = YES;
				SWIFT_VERSION = 5.0;
				TARGETED_DEVICE_FAMILY = "1,2";
			};
			name = Release;
		};
/* End XCBuildConfiguration section */

/* Begin XCConfigurationList section */
		413185812CCEB276000BC665 /* Build configuration list for PBXNativeTarget "Giggle_IMessage" */ = {
			isa = XCConfigurationList;
			buildConfigurations = (
				4131857E2CCEB276000BC665 /* Debug */,
				4131857F2CCEB276000BC665 /* Release */,
			);
			defaultConfigurationIsVisible = 0;
			defaultConfigurationName = Release;
		};
		417DE2902CE1B41F00DC18EF /* Build configuration list for PBXNativeTarget "Giggle-Share-RT" */ = {
			isa = XCConfigurationList;
			buildConfigurations = (
				417DE2912CE1B41F00DC18EF /* Debug */,
				417DE2922CE1B41F00DC18EF /* Release */,
			);
			defaultConfigurationIsVisible = 0;
			defaultConfigurationName = Release;
		};
		BB2FDAB72CCBF4E800A5BD7B /* Build configuration list for PBXProject "Giggle" */ = {
			isa = XCConfigurationList;
			buildConfigurations = (
				BB2FDACA2CCBF4EB00A5BD7B /* Debug */,
				BB2FDACB2CCBF4EB00A5BD7B /* Release */,
			);
			defaultConfigurationIsVisible = 0;
			defaultConfigurationName = Release;
		};
		BB2FDACC2CCBF4EB00A5BD7B /* Build configuration list for PBXNativeTarget "Giggle" */ = {
			isa = XCConfigurationList;
			buildConfigurations = (
				BB2FDACD2CCBF4EB00A5BD7B /* Debug */,
				BB2FDACE2CCBF4EB00A5BD7B /* Release */,
			);
			defaultConfigurationIsVisible = 0;
			defaultConfigurationName = Release;
		};
/* End XCConfigurationList section */

/* Begin XCRemoteSwiftPackageReference section */
		41DCAC4D2CE1DB8600D7CB4B /* XCRemoteSwiftPackageReference "SDWebImage" */ = {
			isa = XCRemoteSwiftPackageReference;
			repositoryURL = "https://github.com/SDWebImage/SDWebImage";
			requirement = {
				kind = upToNextMajorVersion;
				minimumVersion = 5.20.0;
			};
		};
		41DCAC522CE1DBAB00D7CB4B /* XCRemoteSwiftPackageReference "SDWebImageWebPCoder" */ = {
			isa = XCRemoteSwiftPackageReference;
			repositoryURL = "https://github.com/SDWebImage/SDWebImageWebPCoder";
			requirement = {
				kind = upToNextMajorVersion;
				minimumVersion = 0.14.6;
			};
		};
		D6D4DEC32CEAB8EE0054A5FC /* XCRemoteSwiftPackageReference "Alamofire" */ = {
			isa = XCRemoteSwiftPackageReference;
			repositoryURL = "https://github.com/Alamofire/Alamofire.git";
			requirement = {
				kind = upToNextMajorVersion;
				minimumVersion = 5.10.1;
			};
		};
/* End XCRemoteSwiftPackageReference section */

/* Begin XCSwiftPackageProductDependency section */
		41DCAC4E2CE1DB8600D7CB4B /* SDWebImage */ = {
			isa = XCSwiftPackageProductDependency;
			package = 41DCAC4D2CE1DB8600D7CB4B /* XCRemoteSwiftPackageReference "SDWebImage" */;
			productName = SDWebImage;
		};
		41DCAC502CE1DB8600D7CB4B /* SDWebImageMapKit */ = {
			isa = XCSwiftPackageProductDependency;
			package = 41DCAC4D2CE1DB8600D7CB4B /* XCRemoteSwiftPackageReference "SDWebImage" */;
			productName = SDWebImageMapKit;
		};
		41DCAC532CE1DBAB00D7CB4B /* SDWebImageWebPCoder */ = {
			isa = XCSwiftPackageProductDependency;
			package = 41DCAC522CE1DBAB00D7CB4B /* XCRemoteSwiftPackageReference "SDWebImageWebPCoder" */;
			productName = SDWebImageWebPCoder;
		};
		BB273DB52CF3D49600C7AE58 /* Alamofire */ = {
			isa = XCSwiftPackageProductDependency;
			productName = Alamofire;
		};
		D6B6B5FA2CEABDA300E8D7EB /* Alamofire */ = {
			isa = XCSwiftPackageProductDependency;
			package = D6D4DEC32CEAB8EE0054A5FC /* XCRemoteSwiftPackageReference "Alamofire" */;
			productName = Alamofire;
		};
		D6D4DEC42CEAB8EE0054A5FC /* Alamofire */ = {
			isa = XCSwiftPackageProductDependency;
			package = D6D4DEC32CEAB8EE0054A5FC /* XCRemoteSwiftPackageReference "Alamofire" */;
			productName = Alamofire;
		};
/* End XCSwiftPackageProductDependency section */
	};
	rootObject = BB2FDAB42CCBF4E800A5BD7B /* Project object */;
}
